
Microsoft Visual Studio Solution File, Format Version 12.00
# Visual Studio Version 16
VisualStudioVersion = 16.0.31729.503
MinimumVisualStudioVersion = 10.0.40219.1
Project("{9A19103F-16F7-4668-BE54-9A1E7A4F7556}") = "JA.Candidates.API", "src\JA.Candidates.API\JA.Candidates.API.csproj", "{17625052-D548-4F32-9EFE-A48EEF331563}"
EndProject
Project("{FAE04EC0-301F-11D3-BF4B-00C04F79EFBC}") = "JA.Jobs.API", "src\JA.Jobs.API\JA.Jobs.API.csproj", "{EB8351D3-23DA-477F-A2E9-FCC1D1A692BD}"
EndProject
Project("{E53339B2-1760-4266-BCC7-CA923CBCF16C}") = "docker-compose", "docker-compose.dcproj", "{9F4A2FE1-32BB-485C-A430-5835A3D0770F}"
EndProject
Project("{FAE04EC0-301F-11D3-BF4B-00C04F79EFBC}") = "JA.Candidates.API.UnitTests", "src\JA.Candidates.API.UnitTests\JA.Candidates.API.UnitTests.csproj", "{DC88B502-A1AB-43F1-8878-F84C6AA1FB6B}"
EndProject
Global
	GlobalSection(SolutionConfigurationPlatforms) = preSolution
		Debug|Any CPU = Debug|Any CPU
		Release|Any CPU = Release|Any CPU
	EndGlobalSection
	GlobalSection(ProjectConfigurationPlatforms) = postSolution
		{17625052-D548-4F32-9EFE-A48EEF331563}.Debug|Any CPU.ActiveCfg = Debug|Any CPU
		{17625052-D548-4F32-9EFE-A48EEF331563}.Debug|Any CPU.Build.0 = Debug|Any CPU
		{17625052-D548-4F32-9EFE-A48EEF331563}.Release|Any CPU.ActiveCfg = Release|Any CPU
		{17625052-D548-4F32-9EFE-A48EEF331563}.Release|Any CPU.Build.0 = Release|Any CPU
		{EB8351D3-23DA-477F-A2E9-FCC1D1A692BD}.Debug|Any CPU.ActiveCfg = Debug|Any CPU
		{EB8351D3-23DA-477F-A2E9-FCC1D1A692BD}.Debug|Any CPU.Build.0 = Debug|Any CPU
		{EB8351D3-23DA-477F-A2E9-FCC1D1A692BD}.Release|Any CPU.ActiveCfg = Release|Any CPU
		{EB8351D3-23DA-477F-A2E9-FCC1D1A692BD}.Release|Any CPU.Build.0 = Release|Any CPU
		{9F4A2FE1-32BB-485C-A430-5835A3D0770F}.Debug|Any CPU.ActiveCfg = Debug|Any CPU
		{9F4A2FE1-32BB-485C-A430-5835A3D0770F}.Debug|Any CPU.Build.0 = Debug|Any CPU
		{9F4A2FE1-32BB-485C-A430-5835A3D0770F}.Release|Any CPU.ActiveCfg = Release|Any CPU
		{9F4A2FE1-32BB-485C-A430-5835A3D0770F}.Release|Any CPU.Build.0 = Release|Any CPU
		{DC88B502-A1AB-43F1-8878-F84C6AA1FB6B}.Debug|Any CPU.ActiveCfg = Debug|Any CPU
		{DC88B502-A1AB-43F1-8878-F84C6AA1FB6B}.Debug|Any CPU.Build.0 = Debug|Any CPU
		{DC88B502-A1AB-43F1-8878-F84C6AA1FB6B}.Release|Any CPU.ActiveCfg = Release|Any CPU
		{DC88B502-A1AB-43F1-8878-F84C6AA1FB6B}.Release|Any CPU.Build.0 = Release|Any CPU
	EndGlobalSection
	GlobalSection(SolutionProperties) = preSolution
		HideSolutionNode = FALSE
	EndGlobalSection
	GlobalSection(ExtensibilityGlobals) = postSolution
		SolutionGuid = {A03A8F2B-A1C4-4D63-8108-58CBF7F95D35}
	EndGlobalSection
EndGlobal
